{
  "lockfileVersion": 1,
  "dependencies": {
    "xg_one_publish": {
      "version": "1.0.0",
      "resolved": "https://registry.npmjs.org/xg_one_publish/-/xg_one_publish-1.0.0.tgz",
      "integrity": "sha512-XDova0kyEUIcOB2D+gMB142qTPswRuB5YsYWL3dOSa55y6L9wEeLfPQe0eTphRFihcmalZhwClXBVOJmjCeK0Q=="
    }
  }
}
